
Microsoft Visual Studio Solution File, Format Version 12.00
# Visual Studio Version 16
VisualStudioVersion = 16.0.33423.256
MinimumVisualStudioVersion = 10.0.40219.1
Project("{FAE04EC0-301F-11D3-BF4B-00C04F79EFBC}") = "DLL", "DLL.csproj", "{E7658D0F-DF29-4573-ABD3-AD3F404AF1EF}"
EndProject
Global
	GlobalSection(SolutionConfigurationPlatforms) = preSolution
		Debug|Any CPU = Debug|Any CPU
		Release|Any CPU = Release|Any CPU
	EndGlobalSection
	GlobalSection(ProjectConfigurationPlatforms) = postSolution
		{E7658D0F-DF29-4573-ABD3-AD3F404AF1EF}.Debug|Any CPU.ActiveCfg = Debug|Any CPU
		{E7658D0F-DF29-4573-ABD3-AD3F404AF1EF}.Debug|Any CPU.Build.0 = Debug|Any CPU
		{E7658D0F-DF29-4573-ABD3-AD3F404AF1EF}.Release|Any CPU.ActiveCfg = Release|Any CPU
		{E7658D0F-DF29-4573-ABD3-AD3F404AF1EF}.Release|Any CPU.Build.0 = Release|Any CPU
	EndGlobalSection
	GlobalSection(SolutionProperties) = preSolution
		HideSolutionNode = FALSE
	EndGlobalSection
	GlobalSection(ExtensibilityGlobals) = postSolution
		SolutionGuid = {BC6E6D94-9350-46FA-BE5E-B7B6E26A7CD2}
	EndGlobalSection
EndGlobal
